Microsoft Visual Studio Solution File, Format Version 12.00
# Visual Studio Version 16
VisualStudioVersion = 16.0.29709.97
MinimumVisualStudioVersion = 10.0.40219.1
Project("{2150E333-8FDC-42A3-9474-1A3956D46DE8}") = "Solution Items", "Solution Items", "{7A5561E2-59BE-4348-85C8-FE79D71F0128}"
	ProjectSection(SolutionItems) = preProject
		.editorconfig = .editorconfig
	EndProjectSection
EndProject
Project("{2150E333-8FDC-42A3-9474-1A3956D46DE8}") = "Service", "Service", "{93DD651C-7874-4BEF-9AE8-6E2F2AF0E3C6}"
EndProject
Project("{9A19103F-16F7-4668-BE54-9A1E7A4F7556}") = "Gap.Insurance.EntityFramework", "Gap.Insurance.EntityFramework\Gap.Insurance.EntityFramework.csproj", "{05D21E84-2525-4F46-9D87-EAEA33FE99F3}"
EndProject
Project("{9A19103F-16F7-4668-BE54-9A1E7A4F7556}") = "Gap.Insurance.Model", "Gap.Insurance.Model\Gap.Insurance.Model.csproj", "{E93FBE71-0CA8-4887-B131-4A5B59A5D044}"
EndProject
Project("{9A19103F-16F7-4668-BE54-9A1E7A4F7556}") = "Gap.Insurance.Core", "Gap.Insurance.Core\Gap.Insurance.Core.csproj", "{72943109-2E7D-4FB0-B236-52A9F9F78015}"
EndProject
Project("{9A19103F-16F7-4668-BE54-9A1E7A4F7556}") = "Gap.Insurance.Api", "Gap.Insurance.Api\Gap.Insurance.Api.csproj", "{E07552F2-31EF-43CE-8820-9D9E39B4CF87}"
EndProject
Global
	GlobalSection(SolutionConfigurationPlatforms) = preSolution
		Debug|Any CPU = Debug|Any CPU
		Release|Any CPU = Release|Any CPU
	EndGlobalSection
	GlobalSection(ProjectConfigurationPlatforms) = postSolution
		{05D21E84-2525-4F46-9D87-EAEA33FE99F3}.Debug|Any CPU.ActiveCfg = Debug|Any CPU
		{05D21E84-2525-4F46-9D87-EAEA33FE99F3}.Debug|Any CPU.Build.0 = Debug|Any CPU
		{05D21E84-2525-4F46-9D87-EAEA33FE99F3}.Release|Any CPU.ActiveCfg = Release|Any CPU
		{05D21E84-2525-4F46-9D87-EAEA33FE99F3}.Release|Any CPU.Build.0 = Release|Any CPU
		{E93FBE71-0CA8-4887-B131-4A5B59A5D044}.Debug|Any CPU.ActiveCfg = Debug|Any CPU
		{E93FBE71-0CA8-4887-B131-4A5B59A5D044}.Debug|Any CPU.Build.0 = Debug|Any CPU
		{E93FBE71-0CA8-4887-B131-4A5B59A5D044}.Release|Any CPU.ActiveCfg = Release|Any CPU
		{E93FBE71-0CA8-4887-B131-4A5B59A5D044}.Release|Any CPU.Build.0 = Release|Any CPU
		{72943109-2E7D-4FB0-B236-52A9F9F78015}.Debug|Any CPU.ActiveCfg = Debug|Any CPU
		{72943109-2E7D-4FB0-B236-52A9F9F78015}.Debug|Any CPU.Build.0 = Debug|Any CPU
		{72943109-2E7D-4FB0-B236-52A9F9F78015}.Release|Any CPU.ActiveCfg = Release|Any CPU
		{72943109-2E7D-4FB0-B236-52A9F9F78015}.Release|Any CPU.Build.0 = Release|Any CPU
		{E07552F2-31EF-43CE-8820-9D9E39B4CF87}.Debug|Any CPU.ActiveCfg = Debug|Any CPU
		{E07552F2-31EF-43CE-8820-9D9E39B4CF87}.Debug|Any CPU.Build.0 = Debug|Any CPU
		{E07552F2-31EF-43CE-8820-9D9E39B4CF87}.Release|Any CPU.ActiveCfg = Release|Any CPU
		{E07552F2-31EF-43CE-8820-9D9E39B4CF87}.Release|Any CPU.Build.0 = Release|Any CPU
	EndGlobalSection
	GlobalSection(SolutionProperties) = preSolution
		HideSolutionNode = FALSE
	EndGlobalSection
	GlobalSection(NestedProjects) = preSolution
		{05D21E84-2525-4F46-9D87-EAEA33FE99F3} = {93DD651C-7874-4BEF-9AE8-6E2F2AF0E3C6}
		{E93FBE71-0CA8-4887-B131-4A5B59A5D044} = {93DD651C-7874-4BEF-9AE8-6E2F2AF0E3C6}
		{72943109-2E7D-4FB0-B236-52A9F9F78015} = {93DD651C-7874-4BEF-9AE8-6E2F2AF0E3C6}
		{E07552F2-31EF-43CE-8820-9D9E39B4CF87} = {93DD651C-7874-4BEF-9AE8-6E2F2AF0E3C6}
	EndGlobalSection
	GlobalSection(ExtensibilityGlobals) = postSolution
		SolutionGuid = {0E4D776C-5965-4AA4-9AEF-AE6B693108BC}
	EndGlobalSection
EndGlobal
